PODS:
  - FyberMediationAdMob (7.6.0-r2):
    - FyberSDK (~> 8.3)
  - FyberMediationFacebookAudienceNetwork (4.10.1-r2):
    - FyberSDK (~> 8.3)
  - FyberSDK (8.4.1)

DEPENDENCIES:
  - FyberMediationAdMob (~> 7.6.0-r2)
  - FyberMediationFacebookAudienceNetwork (~> 4.10.1-r2)
  - FyberSDK (~> 8.3)

SPEC CHECKSUMS:
  FyberMediationAdMob: 48bedf9141f7f19b193233aac2a566568561b6be
  FyberMediationFacebookAudienceNetwork: 3a70382943e65c068916415dc3e2b318e6fe051a
  FyberSDK: 6209e5d41085b4aff34bf52e0f5ae5be980e6c27

COCOAPODS: 0.39.0
