PODS:
  - FairBidSDK (3.63.2):
    - Fyber_FMPAdapter (= 8.4.1)
  - Fyber_FMPAdapter (8.4.1):
    - Fyber_Marketplace_SDK (= 8.4.1)
  - Fyber_Marketplace_SDK (8.4.1)

DEPENDENCIES:
  - FairBidSDK (= 3.63.2)

SPEC REPOS:
  trunk:
    - FairBidSDK
    - Fyber_FMPAdapter
    - Fyber_Marketplace_SDK

SPEC CHECKSUMS:
  FairBidSDK: 9fda4d7c8a3d19a0865f9650f69cb30f5f64d092
  Fyber_FMPAdapter: 4b2c016221dd629114153fdcf82e6593174e2058
  Fyber_Marketplace_SDK: c908580dc3d65e67f2862df137f8ae7dad6e3321

PODFILE CHECKSUM: 9fe498936291eda242da7febc2d430a2d79ffdb4

COCOAPODS: 1.16.2
