// !$*UTF8*$!
{
	archiveVersion = 1;
	classes = {
	};
	objectVersion = 46;
	objects = {

/* Begin PBXBuildFile section */
		5B2203031B2AFEA000266742 /* Main.storyboard in Resources */ = {isa = PBXBuildFile; fileRef = 5B4A187B1B2AD92600C00C49 /* Main.storyboard */; };
		5B2203041B2AFEA000266742 /* LaunchScreen.xib in Resources */ = {isa = PBXBuildFile; fileRef = 5B4A18801B2AD92600C00C49 /* LaunchScreen.xib */; };
		5B2ECDB31B2B09E6006C1B1E /* QuartzCore.framework in Frameworks */ = {isa = PBXBuildFile; fileRef = 5B2ECDB21B2B09E6006C1B1E /* QuartzCore.framework */; };
		5B2ECDB61B2B0B0A006C1B1E /* CALayer+UIColor.m in Sources */ = {isa = PBXBuildFile; fileRef = 5B2ECDB51B2B0B0A006C1B1E /* CALayer+UIColor.m */; };
		5B2ECDC01B2B1E42006C1B1E /* lineto-circular-bold-c.ttf in Resources */ = {isa = PBXBuildFile; fileRef = 5B2ECDBA1B2B1E42006C1B1E /* lineto-circular-bold-c.ttf */; };
		5B2ECDC11B2B1E42006C1B1E /* lineto-circular-bolditalic-c.ttf in Resources */ = {isa = PBXBuildFile; fileRef = 5B2ECDBB1B2B1E42006C1B1E /* lineto-circular-bolditalic-c.ttf */; };
		5B2ECDC21B2B1E42006C1B1E /* lineto-circular-book-c.ttf in Resources */ = {isa = PBXBuildFile; fileRef = 5B2ECDBC1B2B1E42006C1B1E /* lineto-circular-book-c.ttf */; };
		5B2ECDC31B2B1E42006C1B1E /* lineto-circular-bookitalic-c.ttf in Resources */ = {isa = PBXBuildFile; fileRef = 5B2ECDBD1B2B1E42006C1B1E /* lineto-circular-bookitalic-c.ttf */; };
		5B2ECDC41B2B1E42006C1B1E /* lineto-circular-medium-c.ttf in Resources */ = {isa = PBXBuildFile; fileRef = 5B2ECDBE1B2B1E42006C1B1E /* lineto-circular-medium-c.ttf */; };
		5B2ECDC51B2B1E42006C1B1E /* lineto-circular-mediumitalic-c.ttf in Resources */ = {isa = PBXBuildFile; fileRef = 5B2ECDBF1B2B1E42006C1B1E /* lineto-circular-mediumitalic-c.ttf */; };
		5B2ECDCC1B2B205A006C1B1E /* FYBNavigationBar.m in Sources */ = {isa = PBXBuildFile; fileRef = 5B2ECDCB1B2B205A006C1B1E /* FYBNavigationBar.m */; };
		5B4A18711B2AD92600C00C49 /* main.m in Sources */ = {isa = PBXBuildFile; fileRef = 5B4A18701B2AD92600C00C49 /* main.m */; };
		5B4A18741B2AD92600C00C49 /* AppDelegate.m in Sources */ = {isa = PBXBuildFile; fileRef = 5B4A18731B2AD92600C00C49 /* AppDelegate.m */; };
		5B4A18771B2AD92600C00C49 /* InterstitialsViewController.m in Sources */ = {isa = PBXBuildFile; fileRef = 5B4A18761B2AD92600C00C49 /* InterstitialsViewController.m */; };
		5B4A187A1B2AD92600C00C49 /* OfferWallViewController.m in Sources */ = {isa = PBXBuildFile; fileRef = 5B4A18791B2AD92600C00C49 /* OfferWallViewController.m */; };
		5B4A187F1B2AD92600C00C49 /* Images.xcassets in Resources */ = {isa = PBXBuildFile; fileRef = 5B4A187E1B2AD92600C00C49 /* Images.xcassets */; };
		5B4A18991B2ADAD700C00C49 /* RewardedVideosViewController.m in Sources */ = {isa = PBXBuildFile; fileRef = 5B4A18981B2ADAD700C00C49 /* RewardedVideosViewController.m */; };
/* End PBXBuildFile section */

/* Begin PBXFileReference section */
		5B2ECDB21B2B09E6006C1B1E /* QuartzCore.framework */ = {isa = PBXFileReference; lastKnownFileType = wrapper.framework; name = QuartzCore.framework; path = System/Library/Frameworks/QuartzCore.framework; sourceTree = SDKROOT; };
		5B2ECDB41B2B0B0A006C1B1E /* CALayer+UIColor.h */ = {isa = PBXFileReference; fileEncoding = 4; lastKnownFileType = sourcecode.c.h; path = "CALayer+UIColor.h"; sourceTree = "<group>"; };
		5B2ECDB51B2B0B0A006C1B1E /* CALayer+UIColor.m */ = {isa = PBXFileReference; fileEncoding = 4; lastKnownFileType = sourcecode.c.objc; path = "CALayer+UIColor.m"; sourceTree = "<group>"; };
		5B2ECDBA1B2B1E42006C1B1E /* lineto-circular-bold-c.ttf */ = {isa = PBXFileReference; lastKnownFileType = file; path = "lineto-circular-bold-c.ttf"; sourceTree = "<group>"; };
		5B2ECDBB1B2B1E42006C1B1E /* lineto-circular-bolditalic-c.ttf */ = {isa = PBXFileReference; lastKnownFileType = file; path = "lineto-circular-bolditalic-c.ttf"; sourceTree = "<group>"; };
		5B2ECDBC1B2B1E42006C1B1E /* lineto-circular-book-c.ttf */ = {isa = PBXFileReference; lastKnownFileType = file; path = "lineto-circular-book-c.ttf"; sourceTree = "<group>"; };
		5B2ECDBD1B2B1E42006C1B1E /* lineto-circular-bookitalic-c.ttf */ = {isa = PBXFileReference; lastKnownFileType = file; path = "lineto-circular-bookitalic-c.ttf"; sourceTree = "<group>"; };
		5B2ECDBE1B2B1E42006C1B1E /* lineto-circular-medium-c.ttf */ = {isa = PBXFileReference; lastKnownFileType = file; path = "lineto-circular-medium-c.ttf"; sourceTree = "<group>"; };
		5B2ECDBF1B2B1E42006C1B1E /* lineto-circular-mediumitalic-c.ttf */ = {isa = PBXFileReference; lastKnownFileType = file; path = "lineto-circular-mediumitalic-c.ttf"; sourceTree = "<group>"; };
		5B2ECDCA1B2B205A006C1B1E /* FYBNavigationBar.h */ = {isa = PBXFileReference; fileEncoding = 4; lastKnownFileType = sourcecode.c.h; path = FYBNavigationBar.h; sourceTree = "<group>"; };
		5B2ECDCB1B2B205A006C1B1E /* FYBNavigationBar.m */ = {isa = PBXFileReference; fileEncoding = 4; lastKnownFileType = sourcecode.c.objc; path = FYBNavigationBar.m; sourceTree = "<group>"; };
		5B4A186B1B2AD92600C00C49 /* FyberSampleApp.app */ = {isa = PBXFileReference; explicitFileType = wrapper.application; includeInIndex = 0; path = FyberSampleApp.app; sourceTree = BUILT_PRODUCTS_DIR; };
		5B4A186F1B2AD92600C00C49 /* Info.plist */ = {isa = PBXFileReference; lastKnownFileType = text.plist.xml; path = Info.plist; sourceTree = "<group>"; };
		5B4A18701B2AD92600C00C49 /* main.m */ = {isa = PBXFileReference; lastKnownFileType = sourcecode.c.objc; path = main.m; sourceTree = "<group>"; };
		5B4A18721B2AD92600C00C49 /* AppDelegate.h */ = {isa = PBXFileReference; lastKnownFileType = sourcecode.c.h; path = AppDelegate.h; sourceTree = "<group>"; };
		5B4A18731B2AD92600C00C49 /* AppDelegate.m */ = {isa = PBXFileReference; lastKnownFileType = sourcecode.c.objc; path = AppDelegate.m; sourceTree = "<group>"; };
		5B4A18751B2AD92600C00C49 /* InterstitialsViewController.h */ = {isa = PBXFileReference; lastKnownFileType = sourcecode.c.h; path = InterstitialsViewController.h; sourceTree = "<group>"; };
		5B4A18761B2AD92600C00C49 /* InterstitialsViewController.m */ = {isa = PBXFileReference; lastKnownFileType = sourcecode.c.objc; path = InterstitialsViewController.m; sourceTree = "<group>"; };
		5B4A18781B2AD92600C00C49 /* OfferWallViewController.h */ = {isa = PBXFileReference; lastKnownFileType = sourcecode.c.h; path = OfferWallViewController.h; sourceTree = "<group>"; };
		5B4A18791B2AD92600C00C49 /* OfferWallViewController.m */ = {isa = PBXFileReference; lastKnownFileType = sourcecode.c.objc; path = OfferWallViewController.m; sourceTree = "<group>"; };
		5B4A187C1B2AD92600C00C49 /* Base */ = {isa = PBXFileReference; lastKnownFileType = file.storyboard; name = Base; path = Base.lproj/Main.storyboard; sourceTree = "<group>"; };
		5B4A187E1B2AD92600C00C49 /* Images.xcassets */ = {isa = PBXFileReference; lastKnownFileType = folder.assetcatalog; path = Images.xcassets; sourceTree = "<group>"; };
		5B4A18811B2AD92600C00C49 /* Base */ = {isa = PBXFileReference; lastKnownFileType = file.xib; name = Base; path = Base.lproj/LaunchScreen.xib; sourceTree = "<group>"; };
		5B4A18971B2ADAD700C00C49 /* RewardedVideosViewController.h */ = {isa = PBXFileReference; fileEncoding = 4; lastKnownFileType = sourcecode.c.h; path = RewardedVideosViewController.h; sourceTree = "<group>"; };
		5B4A18981B2ADAD700C00C49 /* RewardedVideosViewController.m */ = {isa = PBXFileReference; fileEncoding = 4; lastKnownFileType = sourcecode.c.objc; path = RewardedVideosViewController.m; sourceTree = "<group>"; };
/* End PBXFileReference section */

/* Begin PBXFrameworksBuildPhase section */
		5B4A18681B2AD92600C00C49 /* Frameworks */ = {
			isa = PBXFrameworksBuildPhase;
			buildActionMask = 2147483647;
			files = (
				5B2ECDB31B2B09E6006C1B1E /* QuartzCore.framework in Frameworks */,
			);
			runOnlyForDeploymentPostprocessing = 0;
		};
/* End PBXFrameworksBuildPhase section */

/* Begin PBXGroup section */
		3DAB3A121B3018F60093FB99 /* Frameworks */ = {
			isa = PBXGroup;
			children = (
				5B2ECDB21B2B09E6006C1B1E /* QuartzCore.framework */,
			);
			name = Frameworks;
			sourceTree = "<group>";
		};
		5B2ECDB71B2B1E42006C1B1E /* Assets */ = {
			isa = PBXGroup;
			children = (
				5B4A187B1B2AD92600C00C49 /* Main.storyboard */,
				5B4A187E1B2AD92600C00C49 /* Images.xcassets */,
				5B4A18801B2AD92600C00C49 /* LaunchScreen.xib */,
				5B2ECDB81B2B1E42006C1B1E /* Fonts */,
			);
			path = Assets;
			sourceTree = "<group>";
		};
		5B2ECDB81B2B1E42006C1B1E /* Fonts */ = {
			isa = PBXGroup;
			children = (
				5B2ECDB91B2B1E42006C1B1E /* Lineto */,
			);
			path = Fonts;
			sourceTree = "<group>";
		};
		5B2ECDB91B2B1E42006C1B1E /* Lineto */ = {
			isa = PBXGroup;
			children = (
				5B2ECDBA1B2B1E42006C1B1E /* lineto-circular-bold-c.ttf */,
				5B2ECDBB1B2B1E42006C1B1E /* lineto-circular-bolditalic-c.ttf */,
				5B2ECDBC1B2B1E42006C1B1E /* lineto-circular-book-c.ttf */,
				5B2ECDBD1B2B1E42006C1B1E /* lineto-circular-bookitalic-c.ttf */,
				5B2ECDBE1B2B1E42006C1B1E /* lineto-circular-medium-c.ttf */,
				5B2ECDBF1B2B1E42006C1B1E /* lineto-circular-mediumitalic-c.ttf */,
			);
			path = Lineto;
			sourceTree = "<group>";
		};
		5B2ECDC61B2B2006006C1B1E /* Categories */ = {
			isa = PBXGroup;
			children = (
				5B2ECDB41B2B0B0A006C1B1E /* CALayer+UIColor.h */,
				5B2ECDB51B2B0B0A006C1B1E /* CALayer+UIColor.m */,
			);
			path = Categories;
			sourceTree = "<group>";
		};
		5B2ECDC71B2B200D006C1B1E /* Classes */ = {
			isa = PBXGroup;
			children = (
				5B4A18721B2AD92600C00C49 /* AppDelegate.h */,
				5B4A18731B2AD92600C00C49 /* AppDelegate.m */,
				5B2ECDC81B2B2015006C1B1E /* Controllers */,
				5B2ECDC61B2B2006006C1B1E /* Categories */,
				5B2ECDC91B2B2031006C1B1E /* Views */,
			);
			path = Classes;
			sourceTree = "<group>";
		};
		5B2ECDC81B2B2015006C1B1E /* Controllers */ = {
			isa = PBXGroup;
			children = (
				5B4A18751B2AD92600C00C49 /* InterstitialsViewController.h */,
				5B4A18761B2AD92600C00C49 /* InterstitialsViewController.m */,
				5B4A18781B2AD92600C00C49 /* OfferWallViewController.h */,
				5B4A18791B2AD92600C00C49 /* OfferWallViewController.m */,
				5B4A18971B2ADAD700C00C49 /* RewardedVideosViewController.h */,
				5B4A18981B2ADAD700C00C49 /* RewardedVideosViewController.m */,
			);
			path = Controllers;
			sourceTree = "<group>";
		};
		5B2ECDC91B2B2031006C1B1E /* Views */ = {
			isa = PBXGroup;
			children = (
				5B2ECDCA1B2B205A006C1B1E /* FYBNavigationBar.h */,
				5B2ECDCB1B2B205A006C1B1E /* FYBNavigationBar.m */,
			);
			path = Views;
			sourceTree = "<group>";
		};
		5B4A18621B2AD92600C00C49 = {
			isa = PBXGroup;
			children = (
				5B4A186D1B2AD92600C00C49 /* FyberSampleApp */,
				3DAB3A121B3018F60093FB99 /* Frameworks */,
				5B4A186C1B2AD92600C00C49 /* Products */,
			);
			sourceTree = "<group>";
		};
		5B4A186C1B2AD92600C00C49 /* Products */ = {
			isa = PBXGroup;
			children = (
				5B4A186B1B2AD92600C00C49 /* FyberSampleApp.app */,
			);
			name = Products;
			sourceTree = "<group>";
		};
		5B4A186D1B2AD92600C00C49 /* FyberSampleApp */ = {
			isa = PBXGroup;
			children = (
				5B2ECDC71B2B200D006C1B1E /* Classes */,
				5B2ECDB71B2B1E42006C1B1E /* Assets */,
				5B4A186E1B2AD92600C00C49 /* Supporting Files */,
			);
			path = FyberSampleApp;
			sourceTree = "<group>";
		};
		5B4A186E1B2AD92600C00C49 /* Supporting Files */ = {
			isa = PBXGroup;
			children = (
				5B4A186F1B2AD92600C00C49 /* Info.plist */,
				5B4A18701B2AD92600C00C49 /* main.m */,
			);
			path = "Supporting Files";
			sourceTree = "<group>";
		};
/* End PBXGroup section */

/* Begin PBXNativeTarget section */
		5B4A186A1B2AD92600C00C49 /* FyberSampleApp */ = {
			isa = PBXNativeTarget;
			buildConfigurationList = 5B4A18911B2AD92600C00C49 /* Build configuration list for PBXNativeTarget "FyberSampleApp" */;
			buildPhases = (
				5B4A18671B2AD92600C00C49 /* Sources */,
				5B4A18681B2AD92600C00C49 /* Frameworks */,
				5B4A18691B2AD92600C00C49 /* Resources */,
			);
			buildRules = (
			);
			dependencies = (
			);
			name = FyberSampleApp;
			productName = FyberSampleApp;
			productReference = 5B4A186B1B2AD92600C00C49 /* FyberSampleApp.app */;
			productType = "com.apple.product-type.application";
		};
/* End PBXNativeTarget section */

/* Begin PBXProject section */
		5B4A18631B2AD92600C00C49 /* Project object */ = {
			isa = PBXProject;
			attributes = {
				LastUpgradeCheck = 0630;
				ORGANIZATIONNAME = Fyber;
				TargetAttributes = {
					5B4A186A1B2AD92600C00C49 = {
						CreatedOnToolsVersion = 6.3;
					};
				};
			};
			buildConfigurationList = 5B4A18661B2AD92600C00C49 /* Build configuration list for PBXProject "FyberSampleApp" */;
			compatibilityVersion = "Xcode 3.2";
			developmentRegion = English;
			hasScannedForEncodings = 0;
			knownRegions = (
				en,
				Base,
			);
			mainGroup = 5B4A18621B2AD92600C00C49;
			productRefGroup = 5B4A186C1B2AD92600C00C49 /* Products */;
			projectDirPath = "";
			projectRoot = "";
			targets = (
				5B4A186A1B2AD92600C00C49 /* FyberSampleApp */,
			);
		};
/* End PBXProject section */

/* Begin PBXResourcesBuildPhase section */
		5B4A18691B2AD92600C00C49 /* Resources */ = {
			isa = PBXResourcesBuildPhase;
			buildActionMask = 2147483647;
			files = (
				5B2203031B2AFEA000266742 /* Main.storyboard in Resources */,
				5B2ECDC51B2B1E42006C1B1E /* lineto-circular-mediumitalic-c.ttf in Resources */,
				5B2ECDC01B2B1E42006C1B1E /* lineto-circular-bold-c.ttf in Resources */,
				5B2ECDC11B2B1E42006C1B1E /* lineto-circular-bolditalic-c.ttf in Resources */,
				5B2ECDC41B2B1E42006C1B1E /* lineto-circular-medium-c.ttf in Resources */,
				5B2203041B2AFEA000266742 /* LaunchScreen.xib in Resources */,
				5B2ECDC31B2B1E42006C1B1E /* lineto-circular-bookitalic-c.ttf in Resources */,
				5B4A187F1B2AD92600C00C49 /* Images.xcassets in Resources */,
				5B2ECDC21B2B1E42006C1B1E /* lineto-circular-book-c.ttf in Resources */,
			);
			runOnlyForDeploymentPostprocessing = 0;
		};
/* End PBXResourcesBuildPhase section */

/* Begin PBXSourcesBuildPhase section */
		5B4A18671B2AD92600C00C49 /* Sources */ = {
			isa = PBXSourcesBuildPhase;
			buildActionMask = 2147483647;
			files = (
				5B4A18991B2ADAD700C00C49 /* RewardedVideosViewController.m in Sources */,
				5B4A187A1B2AD92600C00C49 /* OfferWallViewController.m in Sources */,
				5B4A18741B2AD92600C00C49 /* AppDelegate.m in Sources */,
				5B2ECDCC1B2B205A006C1B1E /* FYBNavigationBar.m in Sources */,
				5B4A18771B2AD92600C00C49 /* InterstitialsViewController.m in Sources */,
				5B4A18711B2AD92600C00C49 /* main.m in Sources */,
				5B2ECDB61B2B0B0A006C1B1E /* CALayer+UIColor.m in Sources */,
			);
			runOnlyForDeploymentPostprocessing = 0;
		};
/* End PBXSourcesBuildPhase section */

/* Begin PBXVariantGroup section */
		5B4A187B1B2AD92600C00C49 /* Main.storyboard */ = {
			isa = PBXVariantGroup;
			children = (
				5B4A187C1B2AD92600C00C49 /* Base */,
			);
			name = Main.storyboard;
			path = .;
			sourceTree = "<group>";
		};
		5B4A18801B2AD92600C00C49 /* LaunchScreen.xib */ = {
			isa = PBXVariantGroup;
			children = (
				5B4A18811B2AD92600C00C49 /* Base */,
			);
			name = LaunchScreen.xib;
			path = .;
			sourceTree = "<group>";
		};
/* End PBXVariantGroup section */

/* Begin XCBuildConfiguration section */
		5B4A188F1B2AD92600C00C49 /* Debug */ = {
			isa = XCBuildConfiguration;
			buildSettings = {
				ALWAYS_SEARCH_USER_PATHS = NO;
				CLANG_CXX_LANGUAGE_STANDARD = "gnu++0x";
				CLANG_CXX_LIBRARY = "libc++";
				CLANG_ENABLE_MODULES = YES;
				CLANG_ENABLE_OBJC_ARC = YES;
				CLANG_WARN_BOOL_CONVERSION = YES;
				CLANG_WARN_CONSTANT_CONVERSION = YES;
				CLANG_WARN_DIRECT_OBJC_ISA_USAGE = YES_ERROR;
				CLANG_WARN_EMPTY_BODY = YES;
				CLANG_WARN_ENUM_CONVERSION = YES;
				CLANG_WARN_INT_CONVERSION = YES;
				CLANG_WARN_OBJC_ROOT_CLASS = YES_ERROR;
				CLANG_WARN_UNREACHABLE_CODE = YES;
				CLANG_WARN__DUPLICATE_METHOD_MATCH = YES;
				"CODE_SIGN_IDENTITY[sdk=iphoneos*]" = "iPhone Developer";
				COPY_PHASE_STRIP = NO;
				DEBUG_INFORMATION_FORMAT = "dwarf-with-dsym";
				ENABLE_STRICT_OBJC_MSGSEND = YES;
				GCC_C_LANGUAGE_STANDARD = gnu99;
				GCC_DYNAMIC_NO_PIC = NO;
				GCC_NO_COMMON_BLOCKS = YES;
				GCC_OPTIMIZATION_LEVEL = 0;
				GCC_PREPROCESSOR_DEFINITIONS = (
					"DEBUG=1",
					"$(inherited)",
				);
				GCC_SYMBOLS_PRIVATE_EXTERN = NO;
				GCC_WARN_64_TO_32_BIT_CONVERSION = YES;
				GCC_WARN_ABOUT_RETURN_TYPE = YES_ERROR;
				GCC_WARN_UNDECLARED_SELECTOR = YES;
				GCC_WARN_UNINITIALIZED_AUTOS = YES_AGGRESSIVE;
				GCC_WARN_UNUSED_FUNCTION = YES;
				GCC_WARN_UNUSED_VARIABLE = YES;
				IPHONEOS_DEPLOYMENT_TARGET = 8.3;
				MTL_ENABLE_DEBUG_INFO = YES;
				ONLY_ACTIVE_ARCH = YES;
				SDKROOT = iphoneos;
				TARGETED_DEVICE_FAMILY = "1,2";
				USER_HEADER_SEARCH_PATHS = "../fyber-sdk";
			};
			name = Debug;
		};
		5B4A18901B2AD92600C00C49 /* Release */ = {
			isa = XCBuildConfiguration;
			buildSettings = {
				ALWAYS_SEARCH_USER_PATHS = NO;
				CLANG_CXX_LANGUAGE_STANDARD = "gnu++0x";
				CLANG_CXX_LIBRARY = "libc++";
				CLANG_ENABLE_MODULES = YES;
				CLANG_ENABLE_OBJC_ARC = YES;
				CLANG_WARN_BOOL_CONVERSION = YES;
				CLANG_WARN_CONSTANT_CONVERSION = YES;
				CLANG_WARN_DIRECT_OBJC_ISA_USAGE = YES_ERROR;
				CLANG_WARN_EMPTY_BODY = YES;
				CLANG_WARN_ENUM_CONVERSION = YES;
				CLANG_WARN_INT_CONVERSION = YES;
				CLANG_WARN_OBJC_ROOT_CLASS = YES_ERROR;
				CLANG_WARN_UNREACHABLE_CODE = YES;
				CLANG_WARN__DUPLICATE_METHOD_MATCH = YES;
				"CODE_SIGN_IDENTITY[sdk=iphoneos*]" = "iPhone Developer";
				COPY_PHASE_STRIP = NO;
				DEBUG_INFORMATION_FORMAT = "dwarf-with-dsym";
				ENABLE_NS_ASSERTIONS = NO;
				ENABLE_STRICT_OBJC_MSGSEND = YES;
				GCC_C_LANGUAGE_STANDARD = gnu99;
				GCC_NO_COMMON_BLOCKS = YES;
				GCC_WARN_64_TO_32_BIT_CONVERSION = YES;
				GCC_WARN_ABOUT_RETURN_TYPE = YES_ERROR;
				GCC_WARN_UNDECLARED_SELECTOR = YES;
				GCC_WARN_UNINITIALIZED_AUTOS = YES_AGGRESSIVE;
				GCC_WARN_UNUSED_FUNCTION = YES;
				GCC_WARN_UNUSED_VARIABLE = YES;
				IPHONEOS_DEPLOYMENT_TARGET = 8.3;
				MTL_ENABLE_DEBUG_INFO = NO;
				SDKROOT = iphoneos;
				TARGETED_DEVICE_FAMILY = "1,2";
				USER_HEADER_SEARCH_PATHS = "../fyber-sdk";
				VALIDATE_PRODUCT = YES;
			};
			name = Release;
		};
		5B4A18921B2AD92600C00C49 /* Debug */ = {
			isa = XCBuildConfiguration;
			buildSettings = {
				ASSETCATALOG_COMPILER_APPICON_NAME = AppIcon;
				ASSETCATALOG_COMPILER_LAUNCHIMAGE_NAME = LaunchImage;
				CODE_SIGN_IDENTITY = "iPhone Developer";
				INFOPLIST_FILE = "FyberSampleApp/Supporting Files/Info.plist";
				IPHONEOS_DEPLOYMENT_TARGET = 7.0;
				LD_RUNPATH_SEARCH_PATHS = "$(inherited) @executable_path/Frameworks";
				PRODUCT_NAME = "$(TARGET_NAME)";
				PROVISIONING_PROFILE = "";
			};
			name = Debug;
		};
		5B4A18931B2AD92600C00C49 /* Release */ = {
			isa = XCBuildConfiguration;
			buildSettings = {
				ASSETCATALOG_COMPILER_APPICON_NAME = AppIcon;
				ASSETCATALOG_COMPILER_LAUNCHIMAGE_NAME = LaunchImage;
				CODE_SIGN_IDENTITY = "iPhone Developer";
				INFOPLIST_FILE = "FyberSampleApp/Supporting Files/Info.plist";
				IPHONEOS_DEPLOYMENT_TARGET = 7.0;
				LD_RUNPATH_SEARCH_PATHS = "$(inherited) @executable_path/Frameworks";
				PRODUCT_NAME = "$(TARGET_NAME)";
				PROVISIONING_PROFILE = "";
			};
			name = Release;
		};
/* End XCBuildConfiguration section */

/* Begin XCConfigurationList section */
		5B4A18661B2AD92600C00C49 /* Build configuration list for PBXProject "FyberSampleApp" */ = {
			isa = XCConfigurationList;
			buildConfigurations = (
				5B4A188F1B2AD92600C00C49 /* Debug */,
				5B4A18901B2AD92600C00C49 /* Release */,
			);
			defaultConfigurationIsVisible = 0;
			defaultConfigurationName = Release;
		};
		5B4A18911B2AD92600C00C49 /* Build configuration list for PBXNativeTarget "FyberSampleApp" */ = {
			isa = XCConfigurationList;
			buildConfigurations = (
				5B4A18921B2AD92600C00C49 /* Debug */,
				5B4A18931B2AD92600C00C49 /* Release */,
			);
			defaultConfigurationIsVisible = 0;
			defaultConfigurationName = Release;
		};
/* End XCConfigurationList section */
	};
	rootObject = 5B4A18631B2AD92600C00C49 /* Project object */;
}
